
Microsoft Visual Studio Solution File, Format Version 12.00
# Visual Studio Version 17
VisualStudioVersion = 17.7.34031.279
MinimumVisualStudioVersion = 10.0.40219.1
Project("{FAE04EC0-301F-11D3-BF4B-00C04F79EFBC}") = "KomisSamochodowy", "KomisSamochodowy\KomisSamochodowy.csproj", "{DEC1DF48-E58F-474D-A790-675FB2D89BE7}"
EndProject
Global
	GlobalSection(SolutionConfigurationPlatforms) = preSolution
		Debug|Any CPU = Debug|Any CPU
		Release|Any CPU = Release|Any CPU
	EndGlobalSection
	GlobalSection(ProjectConfigurationPlatforms) = postSolution
		{DEC1DF48-E58F-474D-A790-675FB2D89BE7}.Debug|Any CPU.ActiveCfg = Debug|Any CPU
		{DEC1DF48-E58F-474D-A790-675FB2D89BE7}.Debug|Any CPU.Build.0 = Debug|Any CPU
		{DEC1DF48-E58F-474D-A790-675FB2D89BE7}.Release|Any CPU.ActiveCfg = Release|Any CPU
		{DEC1DF48-E58F-474D-A790-675FB2D89BE7}.Release|Any CPU.Build.0 = Release|Any CPU
	EndGlobalSection
	GlobalSection(SolutionProperties) = preSolution
		HideSolutionNode = FALSE
	EndGlobalSection
	GlobalSection(ExtensibilityGlobals) = postSolution
		SolutionGuid = {86E0347F-2B21-4DE9-89DC-CF8EF94BB6B6}
	EndGlobalSection
EndGlobal
